{
    "nodes": {
        "devshell": {
            "inputs": {
                "nixpkgs": [
                    "nixpkgs"
                ]
            },
            "locked": {
                "lastModified": 1764011051,
                "narHash": "sha256-M7SZyPZiqZUR/EiiBJnmyUbOi5oE/03tCeFrTiUZchI=",
                "owner": "numtide",
                "repo": "devshell",
                "rev": "17ed8d9744ebe70424659b0ef74ad6d41fc87071",
                "type": "github"
            },
            "original": {
                "owner": "numtide",
                "repo": "devshell",
                "type": "github"
            }
        },
        "flake-compat": {
            "flake": false,
            "locked": {
                "lastModified": 1765121682,
                "narHash": "sha256-4VBOP18BFeiPkyhy9o4ssBNQEvfvv1kXkasAYd0+rrA=",
                "owner": "edolstra",
                "repo": "flake-compat",
                "rev": "65f23138d8d09a92e30f1e5c87611b23ef451bf3",
                "type": "github"
            },
            "original": {
                "owner": "edolstra",
                "repo": "flake-compat",
                "type": "github"
            }
        },
        "flake-parts": {
            "inputs": {
                "nixpkgs-lib": "nixpkgs-lib"
            },
            "locked": {
                "lastModified": 1765835352,
                "narHash": "sha256-XswHlK/Qtjasvhd1nOa1e8MgZ8GS//jBoTqWtrS1Giw=",
                "owner": "hercules-ci",
                "repo": "flake-parts",
                "rev": "a34fae9c08a15ad73f295041fec82323541400a9",
                "type": "github"
            },
            "original": {
                "owner": "hercules-ci",
                "repo": "flake-parts",
                "type": "github"
            }
        },
        "flake-utils": {
            "inputs": {
                "systems": "systems"
            },
            "locked": {
                "lastModified": 1731533236,
                "narHash": "sha256-l0KFg5HjrsfsO/JpG+r7fRrqm12kzFHyUHqHCVpMMbI=",
                "owner": "numtide",
                "repo": "flake-utils",
                "rev": "11707dc2f618dd54ca8739b309ec4fc024de578b",
                "type": "github"
            },
            "original": {
                "owner": "numtide",
                "repo": "flake-utils",
                "type": "github"
            }
        },
        "nixpkgs": {
            "locked": {
                "lastModified": 1767020321,
                "narHash": "sha256-1yiv3EHy0aYqyCWDcUMMIBYOC/p1v4X3QPsswvNS9NA=",
                "owner": "NixOS",
                "repo": "nixpkgs",
                "rev": "7b98f3fed68fbb563190ee9b3aaa5e9d035239d9",
                "type": "github"
            },
            "original": {
                "owner": "NixOS",
                "ref": "nixos-unstable",
                "repo": "nixpkgs",
                "type": "github"
            }
        },
        "nixpkgs-lib": {
            "locked": {
                "lastModified": 1765674936,
                "narHash": "sha256-k00uTP4JNfmejrCLJOwdObYC9jHRrr/5M/a/8L2EIdo=",
                "owner": "nix-community",
                "repo": "nixpkgs.lib",
                "rev": "2075416fcb47225d9b68ac469a5c4801a9c4dd85",
                "type": "github"
            },
            "original": {
                "owner": "nix-community",
                "repo": "nixpkgs.lib",
                "type": "github"
            }
        },
        "nixpkgs_2": {
            "locked": {
                "lastModified": 1765472234,
                "narHash": "sha256-9VvC20PJPsleGMewwcWYKGzDIyjckEz8uWmT0vCDYK0=",
                "owner": "NixOS",
                "repo": "nixpkgs",
                "rev": "2fbfb1d73d239d2402a8fe03963e37aab15abe8b",
                "type": "github"
            },
            "original": {
                "owner": "NixOS",
                "ref": "nixos-unstable",
                "repo": "nixpkgs",
                "type": "github"
            }
        },
        "nvfetcher": {
            "inputs": {
                "flake-compat": "flake-compat",
                "flake-utils": "flake-utils",
                "nixpkgs": "nixpkgs_2"
            },
            "locked": {
                "lastModified": 1765698311,
                "narHash": "sha256-78sPqekEDJiol2YD3Hx2zHu5E4AtrbNrUKi0032HMHo=",
                "owner": "berberman",
                "repo": "nvfetcher",
                "rev": "dbae9626c46b93d9fd6b85c8b292939ae569c4fc",
                "type": "github"
            },
            "original": {
                "owner": "berberman",
                "repo": "nvfetcher",
                "type": "github"
            }
        },
        "root": {
            "inputs": {
                "devshell": "devshell",
                "flake-parts": "flake-parts",
                "nixpkgs": "nixpkgs",
                "nvfetcher": "nvfetcher"
            }
        },
        "systems": {
            "locked": {
                "lastModified": 1681028828,
                "narHash": "sha256-Vy1rq5AaRuLzOxct8nz4T6wlgyUR7zLU309k9mBC768=",
                "owner": "nix-systems",
                "repo": "default",
                "rev": "da67096a3b9bf56a91d16901293e51ba5b49a27e",
                "type": "github"
            },
            "original": {
                "owner": "nix-systems",
                "repo": "default",
                "type": "github"
            }
        }
    },
    "root": "root",
    "version": 7
}
